
Microsoft Visual Studio Solution File, Format Version 12.00
# Visual Studio 15
VisualStudioVersion = 15.0.26124.0
MinimumVisualStudioVersion = 15.0.26124.0
Project("{FAE04EC0-301F-11D3-BF4B-00C04F79EFBC}") = "core", "core\core.csproj", "{7C5135BB-5486-4A0E-BA13-E11AC81CDC3C}"
EndProject
Project("{FAE04EC0-301F-11D3-BF4B-00C04F79EFBC}") = "services", "services\services.csproj", "{D845FD3F-A4DE-4308-AA57-553577C4F9DF}"
EndProject
Project("{FAE04EC0-301F-11D3-BF4B-00C04F79EFBC}") = "ECommerceLoader", "ECommerceLoader\ECommerceLoader.csproj", "{09E3CD2C-13DC-4768-823C-7961FF4AD44E}"
EndProject
Project("{FAE04EC0-301F-11D3-BF4B-00C04F79EFBC}") = "Logger", "Logger\Logger.csproj", "{73F60198-2CDC-4553-96B4-B9CC81D82B37}"
EndProject
Project("{FAE04EC0-301F-11D3-BF4B-00C04F79EFBC}") = "Invoicing", "Invoicing\Invoicing.csproj", "{A1B2CF08-80E0-4AED-949F-8211AE5D0057}"
EndProject
Project("{FAE04EC0-301F-11D3-BF4B-00C04F79EFBC}") = "Shipper", "Shipper\Shipper.csproj", "{C89F6989-B9DE-43C9-9D24-166AA1C4E8E6}"
EndProject
Project("{FAE04EC0-301F-11D3-BF4B-00C04F79EFBC}") = "Warehouse", "Warehouse\Warehouse.csproj", "{D8E7653D-6019-4837-A8C7-506BF4DF8842}"
EndProject
Global
	GlobalSection(SolutionConfigurationPlatforms) = preSolution
		Debug|Any CPU = Debug|Any CPU
		Debug|x64 = Debug|x64
		Debug|x86 = Debug|x86
		Release|Any CPU = Release|Any CPU
		Release|x64 = Release|x64
		Release|x86 = Release|x86
	EndGlobalSection
	GlobalSection(SolutionProperties) = preSolution
		HideSolutionNode = FALSE
	EndGlobalSection
	GlobalSection(ProjectConfigurationPlatforms) = postSolution
		{7C5135BB-5486-4A0E-BA13-E11AC81CDC3C}.Debug|Any CPU.ActiveCfg = Debug|Any CPU
		{7C5135BB-5486-4A0E-BA13-E11AC81CDC3C}.Debug|Any CPU.Build.0 = Debug|Any CPU
		{7C5135BB-5486-4A0E-BA13-E11AC81CDC3C}.Debug|x64.ActiveCfg = Debug|Any CPU
		{7C5135BB-5486-4A0E-BA13-E11AC81CDC3C}.Debug|x64.Build.0 = Debug|Any CPU
		{7C5135BB-5486-4A0E-BA13-E11AC81CDC3C}.Debug|x86.ActiveCfg = Debug|Any CPU
		{7C5135BB-5486-4A0E-BA13-E11AC81CDC3C}.Debug|x86.Build.0 = Debug|Any CPU
		{7C5135BB-5486-4A0E-BA13-E11AC81CDC3C}.Release|Any CPU.ActiveCfg = Release|Any CPU
		{7C5135BB-5486-4A0E-BA13-E11AC81CDC3C}.Release|Any CPU.Build.0 = Release|Any CPU
		{7C5135BB-5486-4A0E-BA13-E11AC81CDC3C}.Release|x64.ActiveCfg = Release|Any CPU
		{7C5135BB-5486-4A0E-BA13-E11AC81CDC3C}.Release|x64.Build.0 = Release|Any CPU
		{7C5135BB-5486-4A0E-BA13-E11AC81CDC3C}.Release|x86.ActiveCfg = Release|Any CPU
		{7C5135BB-5486-4A0E-BA13-E11AC81CDC3C}.Release|x86.Build.0 = Release|Any CPU
		{D845FD3F-A4DE-4308-AA57-553577C4F9DF}.Debug|Any CPU.ActiveCfg = Debug|Any CPU
		{D845FD3F-A4DE-4308-AA57-553577C4F9DF}.Debug|Any CPU.Build.0 = Debug|Any CPU
		{D845FD3F-A4DE-4308-AA57-553577C4F9DF}.Debug|x64.ActiveCfg = Debug|Any CPU
		{D845FD3F-A4DE-4308-AA57-553577C4F9DF}.Debug|x64.Build.0 = Debug|Any CPU
		{D845FD3F-A4DE-4308-AA57-553577C4F9DF}.Debug|x86.ActiveCfg = Debug|Any CPU
		{D845FD3F-A4DE-4308-AA57-553577C4F9DF}.Debug|x86.Build.0 = Debug|Any CPU
		{D845FD3F-A4DE-4308-AA57-553577C4F9DF}.Release|Any CPU.ActiveCfg = Release|Any CPU
		{D845FD3F-A4DE-4308-AA57-553577C4F9DF}.Release|Any CPU.Build.0 = Release|Any CPU
		{D845FD3F-A4DE-4308-AA57-553577C4F9DF}.Release|x64.ActiveCfg = Release|Any CPU
		{D845FD3F-A4DE-4308-AA57-553577C4F9DF}.Release|x64.Build.0 = Release|Any CPU
		{D845FD3F-A4DE-4308-AA57-553577C4F9DF}.Release|x86.ActiveCfg = Release|Any CPU
		{D845FD3F-A4DE-4308-AA57-553577C4F9DF}.Release|x86.Build.0 = Release|Any CPU
		{09E3CD2C-13DC-4768-823C-7961FF4AD44E}.Debug|Any CPU.ActiveCfg = Debug|Any CPU
		{09E3CD2C-13DC-4768-823C-7961FF4AD44E}.Debug|Any CPU.Build.0 = Debug|Any CPU
		{09E3CD2C-13DC-4768-823C-7961FF4AD44E}.Debug|x64.ActiveCfg = Debug|Any CPU
		{09E3CD2C-13DC-4768-823C-7961FF4AD44E}.Debug|x64.Build.0 = Debug|Any CPU
		{09E3CD2C-13DC-4768-823C-7961FF4AD44E}.Debug|x86.ActiveCfg = Debug|Any CPU
		{09E3CD2C-13DC-4768-823C-7961FF4AD44E}.Debug|x86.Build.0 = Debug|Any CPU
		{09E3CD2C-13DC-4768-823C-7961FF4AD44E}.Release|Any CPU.ActiveCfg = Release|Any CPU
		{09E3CD2C-13DC-4768-823C-7961FF4AD44E}.Release|Any CPU.Build.0 = Release|Any CPU
		{09E3CD2C-13DC-4768-823C-7961FF4AD44E}.Release|x64.ActiveCfg = Release|Any CPU
		{09E3CD2C-13DC-4768-823C-7961FF4AD44E}.Release|x64.Build.0 = Release|Any CPU
		{09E3CD2C-13DC-4768-823C-7961FF4AD44E}.Release|x86.ActiveCfg = Release|Any CPU
		{09E3CD2C-13DC-4768-823C-7961FF4AD44E}.Release|x86.Build.0 = Release|Any CPU
		{73F60198-2CDC-4553-96B4-B9CC81D82B37}.Debug|Any CPU.ActiveCfg = Debug|Any CPU
		{73F60198-2CDC-4553-96B4-B9CC81D82B37}.Debug|Any CPU.Build.0 = Debug|Any CPU
		{73F60198-2CDC-4553-96B4-B9CC81D82B37}.Debug|x64.ActiveCfg = Debug|Any CPU
		{73F60198-2CDC-4553-96B4-B9CC81D82B37}.Debug|x64.Build.0 = Debug|Any CPU
		{73F60198-2CDC-4553-96B4-B9CC81D82B37}.Debug|x86.ActiveCfg = Debug|Any CPU
		{73F60198-2CDC-4553-96B4-B9CC81D82B37}.Debug|x86.Build.0 = Debug|Any CPU
		{73F60198-2CDC-4553-96B4-B9CC81D82B37}.Release|Any CPU.ActiveCfg = Release|Any CPU
		{73F60198-2CDC-4553-96B4-B9CC81D82B37}.Release|Any CPU.Build.0 = Release|Any CPU
		{73F60198-2CDC-4553-96B4-B9CC81D82B37}.Release|x64.ActiveCfg = Release|Any CPU
		{73F60198-2CDC-4553-96B4-B9CC81D82B37}.Release|x64.Build.0 = Release|Any CPU
		{73F60198-2CDC-4553-96B4-B9CC81D82B37}.Release|x86.ActiveCfg = Release|Any CPU
		{73F60198-2CDC-4553-96B4-B9CC81D82B37}.Release|x86.Build.0 = Release|Any CPU
		{A1B2CF08-80E0-4AED-949F-8211AE5D0057}.Debug|Any CPU.ActiveCfg = Debug|Any CPU
		{A1B2CF08-80E0-4AED-949F-8211AE5D0057}.Debug|Any CPU.Build.0 = Debug|Any CPU
		{A1B2CF08-80E0-4AED-949F-8211AE5D0057}.Debug|x64.ActiveCfg = Debug|Any CPU
		{A1B2CF08-80E0-4AED-949F-8211AE5D0057}.Debug|x64.Build.0 = Debug|Any CPU
		{A1B2CF08-80E0-4AED-949F-8211AE5D0057}.Debug|x86.ActiveCfg = Debug|Any CPU
		{A1B2CF08-80E0-4AED-949F-8211AE5D0057}.Debug|x86.Build.0 = Debug|Any CPU
		{A1B2CF08-80E0-4AED-949F-8211AE5D0057}.Release|Any CPU.ActiveCfg = Release|Any CPU
		{A1B2CF08-80E0-4AED-949F-8211AE5D0057}.Release|Any CPU.Build.0 = Release|Any CPU
		{A1B2CF08-80E0-4AED-949F-8211AE5D0057}.Release|x64.ActiveCfg = Release|Any CPU
		{A1B2CF08-80E0-4AED-949F-8211AE5D0057}.Release|x64.Build.0 = Release|Any CPU
		{A1B2CF08-80E0-4AED-949F-8211AE5D0057}.Release|x86.ActiveCfg = Release|Any CPU
		{A1B2CF08-80E0-4AED-949F-8211AE5D0057}.Release|x86.Build.0 = Release|Any CPU
		{C89F6989-B9DE-43C9-9D24-166AA1C4E8E6}.Debug|Any CPU.ActiveCfg = Debug|Any CPU
		{C89F6989-B9DE-43C9-9D24-166AA1C4E8E6}.Debug|Any CPU.Build.0 = Debug|Any CPU
		{C89F6989-B9DE-43C9-9D24-166AA1C4E8E6}.Debug|x64.ActiveCfg = Debug|Any CPU
		{C89F6989-B9DE-43C9-9D24-166AA1C4E8E6}.Debug|x64.Build.0 = Debug|Any CPU
		{C89F6989-B9DE-43C9-9D24-166AA1C4E8E6}.Debug|x86.ActiveCfg = Debug|Any CPU
		{C89F6989-B9DE-43C9-9D24-166AA1C4E8E6}.Debug|x86.Build.0 = Debug|Any CPU
		{C89F6989-B9DE-43C9-9D24-166AA1C4E8E6}.Release|Any CPU.ActiveCfg = Release|Any CPU
		{C89F6989-B9DE-43C9-9D24-166AA1C4E8E6}.Release|Any CPU.Build.0 = Release|Any CPU
		{C89F6989-B9DE-43C9-9D24-166AA1C4E8E6}.Release|x64.ActiveCfg = Release|Any CPU
		{C89F6989-B9DE-43C9-9D24-166AA1C4E8E6}.Release|x64.Build.0 = Release|Any CPU
		{C89F6989-B9DE-43C9-9D24-166AA1C4E8E6}.Release|x86.ActiveCfg = Release|Any CPU
		{C89F6989-B9DE-43C9-9D24-166AA1C4E8E6}.Release|x86.Build.0 = Release|Any CPU
		{D8E7653D-6019-4837-A8C7-506BF4DF8842}.Debug|Any CPU.ActiveCfg = Debug|Any CPU
		{D8E7653D-6019-4837-A8C7-506BF4DF8842}.Debug|Any CPU.Build.0 = Debug|Any CPU
		{D8E7653D-6019-4837-A8C7-506BF4DF8842}.Debug|x64.ActiveCfg = Debug|Any CPU
		{D8E7653D-6019-4837-A8C7-506BF4DF8842}.Debug|x64.Build.0 = Debug|Any CPU
		{D8E7653D-6019-4837-A8C7-506BF4DF8842}.Debug|x86.ActiveCfg = Debug|Any CPU
		{D8E7653D-6019-4837-A8C7-506BF4DF8842}.Debug|x86.Build.0 = Debug|Any CPU
		{D8E7653D-6019-4837-A8C7-506BF4DF8842}.Release|Any CPU.ActiveCfg = Release|Any CPU
		{D8E7653D-6019-4837-A8C7-506BF4DF8842}.Release|Any CPU.Build.0 = Release|Any CPU
		{D8E7653D-6019-4837-A8C7-506BF4DF8842}.Release|x64.ActiveCfg = Release|Any CPU
		{D8E7653D-6019-4837-A8C7-506BF4DF8842}.Release|x64.Build.0 = Release|Any CPU
		{D8E7653D-6019-4837-A8C7-506BF4DF8842}.Release|x86.ActiveCfg = Release|Any CPU
		{D8E7653D-6019-4837-A8C7-506BF4DF8842}.Release|x86.Build.0 = Release|Any CPU
	EndGlobalSection
EndGlobal
