
Microsoft Visual Studio Solution File, Format Version 12.00
# Visual Studio 14
VisualStudioVersion = 14.0.25420.1
MinimumVisualStudioVersion = 10.0.40219.1
Project("{FAE04EC0-301F-11D3-BF4B-00C04F79EFBC}") = "SalesService", "SalesService\SalesService.csproj", "{98EDF2FE-4B51-43A9-BD1D-2310587CC47D}"
EndProject
Project("{FAE04EC0-301F-11D3-BF4B-00C04F79EFBC}") = "Core", "Core\Core.csproj", "{8011685B-E150-43B4-95AD-6FC4D8483906}"
EndProject
Project("{FAE04EC0-301F-11D3-BF4B-00C04F79EFBC}") = "Logger", "Logger\Logger.csproj", "{16209383-3687-4EC7-8126-9FF58CB1755E}"
EndProject
Project("{FAE04EC0-301F-11D3-BF4B-00C04F79EFBC}") = "SalesService.Unit.Tests", "SalesService.Unit.Tests\SalesService.Unit.Tests.csproj", "{A1D53583-F125-4E3F-AC77-31F81DDE8B08}"
EndProject
Project("{FAE04EC0-301F-11D3-BF4B-00C04F79EFBC}") = "InvoicingService", "InvoicingService\InvoicingService.csproj", "{E95FC06B-A079-402E-90FC-69F6341C437E}"
EndProject
Project("{FAE04EC0-301F-11D3-BF4B-00C04F79EFBC}") = "SalesServiceClient", "SalesServiceClient\SalesServiceClient.csproj", "{8F84239E-F585-42F9-8FC5-15FCF900F728}"
EndProject
Project("{FAE04EC0-301F-11D3-BF4B-00C04F79EFBC}") = "ShippingService", "ShippingService\ShippingService.csproj", "{123F437E-9559-4E5D-A0CB-A8D57E4BFF7F}"
EndProject
Project("{FAE04EC0-301F-11D3-BF4B-00C04F79EFBC}") = "Warehouse", "Warehouse\Warehouse.csproj", "{A7A51B5D-7FB9-49E9-9C08-B457823F80C1}"
EndProject
Project("{2150E333-8FDC-42A3-9474-1A3956D46DE8}") = "Solution Items", "Solution Items", "{2DEE1819-ED0B-48EA-9327-CA7E2CD6261D}"
	ProjectSection(SolutionItems) = preProject
		cycle-time.sql = cycle-time.sql
	EndProjectSection
EndProject
Project("{FAE04EC0-301F-11D3-BF4B-00C04F79EFBC}") = "CustomerImportClient", "CustomerImportClient\CustomerImportClient.csproj", "{A188B2D6-9195-4298-A0D0-45EC047068CF}"
EndProject
Project("{FAE04EC0-301F-11D3-BF4B-00C04F79EFBC}") = "CustomerRelationshipManagementService", "CustomerRelationshipManagementService\CustomerRelationshipManagementService.csproj", "{178AA576-6E24-440C-B254-A47131719C2E}"
EndProject
Project("{FAE04EC0-301F-11D3-BF4B-00C04F79EFBC}") = "web", "web\web.csproj", "{2021454B-2FE9-46EF-9FC4-55C4FA0BCB13}"
EndProject
Global
	GlobalSection(SolutionConfigurationPlatforms) = preSolution
		Debug|Any CPU = Debug|Any CPU
		Release|Any CPU = Release|Any CPU
	EndGlobalSection
	GlobalSection(ProjectConfigurationPlatforms) = postSolution
		{98EDF2FE-4B51-43A9-BD1D-2310587CC47D}.Debug|Any CPU.ActiveCfg = Debug|Any CPU
		{98EDF2FE-4B51-43A9-BD1D-2310587CC47D}.Debug|Any CPU.Build.0 = Debug|Any CPU
		{98EDF2FE-4B51-43A9-BD1D-2310587CC47D}.Release|Any CPU.ActiveCfg = Release|Any CPU
		{98EDF2FE-4B51-43A9-BD1D-2310587CC47D}.Release|Any CPU.Build.0 = Release|Any CPU
		{8011685B-E150-43B4-95AD-6FC4D8483906}.Debug|Any CPU.ActiveCfg = Debug|Any CPU
		{8011685B-E150-43B4-95AD-6FC4D8483906}.Debug|Any CPU.Build.0 = Debug|Any CPU
		{8011685B-E150-43B4-95AD-6FC4D8483906}.Release|Any CPU.ActiveCfg = Release|Any CPU
		{8011685B-E150-43B4-95AD-6FC4D8483906}.Release|Any CPU.Build.0 = Release|Any CPU
		{16209383-3687-4EC7-8126-9FF58CB1755E}.Debug|Any CPU.ActiveCfg = Debug|Any CPU
		{16209383-3687-4EC7-8126-9FF58CB1755E}.Debug|Any CPU.Build.0 = Debug|Any CPU
		{16209383-3687-4EC7-8126-9FF58CB1755E}.Release|Any CPU.ActiveCfg = Release|Any CPU
		{16209383-3687-4EC7-8126-9FF58CB1755E}.Release|Any CPU.Build.0 = Release|Any CPU
		{A1D53583-F125-4E3F-AC77-31F81DDE8B08}.Debug|Any CPU.ActiveCfg = Debug|Any CPU
		{A1D53583-F125-4E3F-AC77-31F81DDE8B08}.Debug|Any CPU.Build.0 = Debug|Any CPU
		{A1D53583-F125-4E3F-AC77-31F81DDE8B08}.Release|Any CPU.ActiveCfg = Release|Any CPU
		{A1D53583-F125-4E3F-AC77-31F81DDE8B08}.Release|Any CPU.Build.0 = Release|Any CPU
		{E95FC06B-A079-402E-90FC-69F6341C437E}.Debug|Any CPU.ActiveCfg = Debug|Any CPU
		{E95FC06B-A079-402E-90FC-69F6341C437E}.Debug|Any CPU.Build.0 = Debug|Any CPU
		{E95FC06B-A079-402E-90FC-69F6341C437E}.Release|Any CPU.ActiveCfg = Release|Any CPU
		{E95FC06B-A079-402E-90FC-69F6341C437E}.Release|Any CPU.Build.0 = Release|Any CPU
		{8F84239E-F585-42F9-8FC5-15FCF900F728}.Debug|Any CPU.ActiveCfg = Debug|Any CPU
		{8F84239E-F585-42F9-8FC5-15FCF900F728}.Debug|Any CPU.Build.0 = Debug|Any CPU
		{8F84239E-F585-42F9-8FC5-15FCF900F728}.Release|Any CPU.ActiveCfg = Release|Any CPU
		{8F84239E-F585-42F9-8FC5-15FCF900F728}.Release|Any CPU.Build.0 = Release|Any CPU
		{123F437E-9559-4E5D-A0CB-A8D57E4BFF7F}.Debug|Any CPU.ActiveCfg = Debug|Any CPU
		{123F437E-9559-4E5D-A0CB-A8D57E4BFF7F}.Debug|Any CPU.Build.0 = Debug|Any CPU
		{123F437E-9559-4E5D-A0CB-A8D57E4BFF7F}.Release|Any CPU.ActiveCfg = Release|Any CPU
		{123F437E-9559-4E5D-A0CB-A8D57E4BFF7F}.Release|Any CPU.Build.0 = Release|Any CPU
		{A7A51B5D-7FB9-49E9-9C08-B457823F80C1}.Debug|Any CPU.ActiveCfg = Debug|Any CPU
		{A7A51B5D-7FB9-49E9-9C08-B457823F80C1}.Debug|Any CPU.Build.0 = Debug|Any CPU
		{A7A51B5D-7FB9-49E9-9C08-B457823F80C1}.Release|Any CPU.ActiveCfg = Release|Any CPU
		{A7A51B5D-7FB9-49E9-9C08-B457823F80C1}.Release|Any CPU.Build.0 = Release|Any CPU
		{A188B2D6-9195-4298-A0D0-45EC047068CF}.Debug|Any CPU.ActiveCfg = Debug|Any CPU
		{A188B2D6-9195-4298-A0D0-45EC047068CF}.Debug|Any CPU.Build.0 = Debug|Any CPU
		{A188B2D6-9195-4298-A0D0-45EC047068CF}.Release|Any CPU.ActiveCfg = Release|Any CPU
		{A188B2D6-9195-4298-A0D0-45EC047068CF}.Release|Any CPU.Build.0 = Release|Any CPU
		{178AA576-6E24-440C-B254-A47131719C2E}.Debug|Any CPU.ActiveCfg = Debug|Any CPU
		{178AA576-6E24-440C-B254-A47131719C2E}.Debug|Any CPU.Build.0 = Debug|Any CPU
		{178AA576-6E24-440C-B254-A47131719C2E}.Release|Any CPU.ActiveCfg = Release|Any CPU
		{178AA576-6E24-440C-B254-A47131719C2E}.Release|Any CPU.Build.0 = Release|Any CPU
		{2021454B-2FE9-46EF-9FC4-55C4FA0BCB13}.Debug|Any CPU.ActiveCfg = Debug|Any CPU
		{2021454B-2FE9-46EF-9FC4-55C4FA0BCB13}.Debug|Any CPU.Build.0 = Debug|Any CPU
		{2021454B-2FE9-46EF-9FC4-55C4FA0BCB13}.Release|Any CPU.ActiveCfg = Release|Any CPU
		{2021454B-2FE9-46EF-9FC4-55C4FA0BCB13}.Release|Any CPU.Build.0 = Release|Any CPU
	EndGlobalSection
	GlobalSection(SolutionProperties) = preSolution
		HideSolutionNode = FALSE
	EndGlobalSection
EndGlobal
