
Microsoft Visual Studio Solution File, Format Version 12.00
# Visual Studio 15
Project("{FAE04EC0-301F-11D3-BF4B-00C04F79EFBC}") = "Services", "Services\Services.csproj", "{2CC076A9-C324-4F23-ABEB-87DD6137474E}"
EndProject
Project("{FAE04EC0-301F-11D3-BF4B-00C04F79EFBC}") = "Core", "Core\Core.csproj", "{244DCB66-C323-40E1-9163-519926CFE06F}"
EndProject
Project("{FAE04EC0-301F-11D3-BF4B-00C04F79EFBC}") = "InvoicingConsumer", "InvoicingConsumer\InvoicingConsumer.csproj", "{BBC68447-EFD6-4D4D-8C58-805B126D53EF}"
EndProject
Project("{FAE04EC0-301F-11D3-BF4B-00C04F79EFBC}") = "EventGenerator", "EventGenerator\EventGenerator.csproj", "{FBDB963A-E6E2-4DB2-B70F-A5731BC038EC}"
EndProject
Project("{FAE04EC0-301F-11D3-BF4B-00C04F79EFBC}") = "CRMConsumer", "CRMConsumer\CRMConsumer.csproj", "{542A998C-F0FA-4E31-96C1-6B9640D9B11B}"
EndProject
Project("{FAE04EC0-301F-11D3-BF4B-00C04F79EFBC}") = "LoggingConsumer", "LoggingConsumer\LoggingConsumer.csproj", "{674E5E19-7E9F-402E-8B5D-FB323D0E137C}"
EndProject
Project("{FAE04EC0-301F-11D3-BF4B-00C04F79EFBC}") = "WarehouseConsumer", "WarehouseConsumer\WarehouseConsumer.csproj", "{7C1E3BDB-E0EC-4996-9D3F-CE700C126781}"
EndProject
Project("{FAE04EC0-301F-11D3-BF4B-00C04F79EFBC}") = "ShippingConsumer", "ShippingConsumer\ShippingConsumer.csproj", "{0C714494-A28C-42E4-BD0C-0DB65092CEDA}"
EndProject
Project("{2150E333-8FDC-42A3-9474-1A3956D46DE8}") = "Solution Items", "Solution Items", "{1C645C89-968C-4698-82C7-934835D46EC2}"
	ProjectSection(SolutionItems) = preProject
		eCommerceSystem.sln = eCommerceSystem.sln
	EndProjectSection
EndProject
Project("{FAE04EC0-301F-11D3-BF4B-00C04F79EFBC}") = "Dashboard", "Dashboard\Dashboard.csproj", "{33D3B6D0-4BE7-46D2-9786-F7552614CE57}"
EndProject
Global
	GlobalSection(SolutionConfigurationPlatforms) = preSolution
		Debug|Any CPU = Debug|Any CPU
		Release|Any CPU = Release|Any CPU
	EndGlobalSection
	GlobalSection(ProjectConfigurationPlatforms) = postSolution
		{2CC076A9-C324-4F23-ABEB-87DD6137474E}.Debug|Any CPU.ActiveCfg = Debug|Any CPU
		{2CC076A9-C324-4F23-ABEB-87DD6137474E}.Debug|Any CPU.Build.0 = Debug|Any CPU
		{2CC076A9-C324-4F23-ABEB-87DD6137474E}.Release|Any CPU.ActiveCfg = Release|Any CPU
		{2CC076A9-C324-4F23-ABEB-87DD6137474E}.Release|Any CPU.Build.0 = Release|Any CPU
		{244DCB66-C323-40E1-9163-519926CFE06F}.Debug|Any CPU.ActiveCfg = Debug|Any CPU
		{244DCB66-C323-40E1-9163-519926CFE06F}.Debug|Any CPU.Build.0 = Debug|Any CPU
		{244DCB66-C323-40E1-9163-519926CFE06F}.Release|Any CPU.ActiveCfg = Release|Any CPU
		{244DCB66-C323-40E1-9163-519926CFE06F}.Release|Any CPU.Build.0 = Release|Any CPU
		{BBC68447-EFD6-4D4D-8C58-805B126D53EF}.Debug|Any CPU.ActiveCfg = Debug|Any CPU
		{BBC68447-EFD6-4D4D-8C58-805B126D53EF}.Debug|Any CPU.Build.0 = Debug|Any CPU
		{BBC68447-EFD6-4D4D-8C58-805B126D53EF}.Release|Any CPU.ActiveCfg = Release|Any CPU
		{BBC68447-EFD6-4D4D-8C58-805B126D53EF}.Release|Any CPU.Build.0 = Release|Any CPU
		{FBDB963A-E6E2-4DB2-B70F-A5731BC038EC}.Debug|Any CPU.ActiveCfg = Debug|Any CPU
		{FBDB963A-E6E2-4DB2-B70F-A5731BC038EC}.Debug|Any CPU.Build.0 = Debug|Any CPU
		{FBDB963A-E6E2-4DB2-B70F-A5731BC038EC}.Release|Any CPU.ActiveCfg = Release|Any CPU
		{FBDB963A-E6E2-4DB2-B70F-A5731BC038EC}.Release|Any CPU.Build.0 = Release|Any CPU
		{68E3C621-A78F-49F8-A955-000BBC154F2C}.Debug|Any CPU.ActiveCfg = Debug|Any CPU
		{68E3C621-A78F-49F8-A955-000BBC154F2C}.Debug|Any CPU.Build.0 = Debug|Any CPU
		{68E3C621-A78F-49F8-A955-000BBC154F2C}.Release|Any CPU.ActiveCfg = Release|Any CPU
		{68E3C621-A78F-49F8-A955-000BBC154F2C}.Release|Any CPU.Build.0 = Release|Any CPU
		{542A998C-F0FA-4E31-96C1-6B9640D9B11B}.Debug|Any CPU.ActiveCfg = Debug|Any CPU
		{542A998C-F0FA-4E31-96C1-6B9640D9B11B}.Debug|Any CPU.Build.0 = Debug|Any CPU
		{542A998C-F0FA-4E31-96C1-6B9640D9B11B}.Release|Any CPU.ActiveCfg = Release|Any CPU
		{542A998C-F0FA-4E31-96C1-6B9640D9B11B}.Release|Any CPU.Build.0 = Release|Any CPU
		{674E5E19-7E9F-402E-8B5D-FB323D0E137C}.Debug|Any CPU.ActiveCfg = Debug|Any CPU
		{674E5E19-7E9F-402E-8B5D-FB323D0E137C}.Debug|Any CPU.Build.0 = Debug|Any CPU
		{674E5E19-7E9F-402E-8B5D-FB323D0E137C}.Release|Any CPU.ActiveCfg = Release|Any CPU
		{674E5E19-7E9F-402E-8B5D-FB323D0E137C}.Release|Any CPU.Build.0 = Release|Any CPU
		{7C1E3BDB-E0EC-4996-9D3F-CE700C126781}.Debug|Any CPU.ActiveCfg = Debug|Any CPU
		{7C1E3BDB-E0EC-4996-9D3F-CE700C126781}.Debug|Any CPU.Build.0 = Debug|Any CPU
		{7C1E3BDB-E0EC-4996-9D3F-CE700C126781}.Release|Any CPU.ActiveCfg = Release|Any CPU
		{7C1E3BDB-E0EC-4996-9D3F-CE700C126781}.Release|Any CPU.Build.0 = Release|Any CPU
		{0C714494-A28C-42E4-BD0C-0DB65092CEDA}.Debug|Any CPU.ActiveCfg = Debug|Any CPU
		{0C714494-A28C-42E4-BD0C-0DB65092CEDA}.Debug|Any CPU.Build.0 = Debug|Any CPU
		{0C714494-A28C-42E4-BD0C-0DB65092CEDA}.Release|Any CPU.ActiveCfg = Release|Any CPU
		{0C714494-A28C-42E4-BD0C-0DB65092CEDA}.Release|Any CPU.Build.0 = Release|Any CPU
		{33D3B6D0-4BE7-46D2-9786-F7552614CE57}.Debug|Any CPU.ActiveCfg = Debug|Any CPU
		{33D3B6D0-4BE7-46D2-9786-F7552614CE57}.Debug|Any CPU.Build.0 = Debug|Any CPU
		{33D3B6D0-4BE7-46D2-9786-F7552614CE57}.Release|Any CPU.ActiveCfg = Release|Any CPU
		{33D3B6D0-4BE7-46D2-9786-F7552614CE57}.Release|Any CPU.Build.0 = Release|Any CPU
	EndGlobalSection
EndGlobal
